{
  "name": "ai-share-usage-herdr",
  "version": "0.1.7",
  "lockfileVersion": 3,
  "requires": true,
  "packages": {
    "": {
      "name": "ai-share-usage-herdr",
      "version": "0.1.7",
      "license": "MIT",
      "bin": {
        "ais": "bin/ais.mjs"
      },
      "engines": {
        "node": ">=20"
      }
    }
  }
}
